
Microsoft Visual Studio Solution File, Format Version 12.00
# Visual Studio Version 16
VisualStudioVersion = 16.0.31005.135
MinimumVisualStudioVersion = 10.0.40219.1
Project("{FAE04EC0-301F-11D3-BF4B-00C04F79EFBC}") = "Expense Tracker.Android", "Expense Tracker\Expense Tracker.Android\Expense Tracker.Android.csproj", "{F2A298DD-CD77-4B18-A2FA-5FAA9D2C05EE}"
EndProject
Project("{FAE04EC0-301F-11D3-BF4B-00C04F79EFBC}") = "Expense Tracker.iOS", "Expense Tracker\Expense Tracker.iOS\Expense Tracker.iOS.csproj", "{44798D42-54CF-4C9A-99D1-3CCA4F8F6679}"
EndProject
Project("{FAE04EC0-301F-11D3-BF4B-00C04F79EFBC}") = "Expense Tracker", "Expense Tracker\Expense Tracker\Expense Tracker.csproj", "{9F0A60D2-C3DC-4FBC-A44C-EBE6142BDA6B}"
EndProject
Global
	GlobalSection(SolutionConfigurationPlatforms) = preSolution
		Debug|Any CPU = Debug|Any CPU
		Debug|iPhone = Debug|iPhone
		Debug|iPhoneSimulator = Debug|iPhoneSimulator
		Release|Any CPU = Release|Any CPU
		Release|iPhone = Release|iPhone
		Release|iPhoneSimulator = Release|iPhoneSimulator
	EndGlobalSection
	GlobalSection(ProjectConfigurationPlatforms) = postSolution
		{F2A298DD-CD77-4B18-A2FA-5FAA9D2C05EE}.Debug|Any CPU.ActiveCfg = Debug|Any CPU
		{F2A298DD-CD77-4B18-A2FA-5FAA9D2C05EE}.Debug|Any CPU.Build.0 = Debug|Any CPU
		{F2A298DD-CD77-4B18-A2FA-5FAA9D2C05EE}.Debug|Any CPU.Deploy.0 = Debug|Any CPU
		{F2A298DD-CD77-4B18-A2FA-5FAA9D2C05EE}.Debug|iPhone.ActiveCfg = Debug|Any CPU
		{F2A298DD-CD77-4B18-A2FA-5FAA9D2C05EE}.Debug|iPhone.Build.0 = Debug|Any CPU
		{F2A298DD-CD77-4B18-A2FA-5FAA9D2C05EE}.Debug|iPhone.Deploy.0 = Debug|Any CPU
		{F2A298DD-CD77-4B18-A2FA-5FAA9D2C05EE}.Debug|iPhoneSimulator.ActiveCfg = Debug|Any CPU
		{F2A298DD-CD77-4B18-A2FA-5FAA9D2C05EE}.Debug|iPhoneSimulator.Build.0 = Debug|Any CPU
		{F2A298DD-CD77-4B18-A2FA-5FAA9D2C05EE}.Debug|iPhoneSimulator.Deploy.0 = Debug|Any CPU
		{F2A298DD-CD77-4B18-A2FA-5FAA9D2C05EE}.Release|Any CPU.ActiveCfg = Release|Any CPU
		{F2A298DD-CD77-4B18-A2FA-5FAA9D2C05EE}.Release|Any CPU.Build.0 = Release|Any CPU
		{F2A298DD-CD77-4B18-A2FA-5FAA9D2C05EE}.Release|Any CPU.Deploy.0 = Release|Any CPU
		{F2A298DD-CD77-4B18-A2FA-5FAA9D2C05EE}.Release|iPhone.ActiveCfg = Release|Any CPU
		{F2A298DD-CD77-4B18-A2FA-5FAA9D2C05EE}.Release|iPhone.Build.0 = Release|Any CPU
		{F2A298DD-CD77-4B18-A2FA-5FAA9D2C05EE}.Release|iPhone.Deploy.0 = Release|Any CPU
		{F2A298DD-CD77-4B18-A2FA-5FAA9D2C05EE}.Release|iPhoneSimulator.ActiveCfg = Release|Any CPU
		{F2A298DD-CD77-4B18-A2FA-5FAA9D2C05EE}.Release|iPhoneSimulator.Build.0 = Release|Any CPU
		{F2A298DD-CD77-4B18-A2FA-5FAA9D2C05EE}.Release|iPhoneSimulator.Deploy.0 = Release|Any CPU
		{44798D42-54CF-4C9A-99D1-3CCA4F8F6679}.Debug|Any CPU.ActiveCfg = Debug|iPhone
		{44798D42-54CF-4C9A-99D1-3CCA4F8F6679}.Debug|Any CPU.Build.0 = Debug|iPhone
		{44798D42-54CF-4C9A-99D1-3CCA4F8F6679}.Debug|Any CPU.Deploy.0 = Debug|iPhone
		{44798D42-54CF-4C9A-99D1-3CCA4F8F6679}.Debug|iPhone.ActiveCfg = Debug|iPhone
		{44798D42-54CF-4C9A-99D1-3CCA4F8F6679}.Debug|iPhone.Build.0 = Debug|iPhone
		{44798D42-54CF-4C9A-99D1-3CCA4F8F6679}.Debug|iPhone.Deploy.0 = Debug|iPhone
		{44798D42-54CF-4C9A-99D1-3CCA4F8F6679}.Debug|iPhoneSimulator.ActiveCfg = Debug|iPhoneSimulator
		{44798D42-54CF-4C9A-99D1-3CCA4F8F6679}.Debug|iPhoneSimulator.Build.0 = Debug|iPhoneSimulator
		{44798D42-54CF-4C9A-99D1-3CCA4F8F6679}.Debug|iPhoneSimulator.Deploy.0 = Debug|iPhoneSimulator
		{44798D42-54CF-4C9A-99D1-3CCA4F8F6679}.Release|Any CPU.ActiveCfg = Release|iPhoneSimulator
		{44798D42-54CF-4C9A-99D1-3CCA4F8F6679}.Release|Any CPU.Build.0 = Release|iPhoneSimulator
		{44798D42-54CF-4C9A-99D1-3CCA4F8F6679}.Release|Any CPU.Deploy.0 = Release|iPhoneSimulator
		{44798D42-54CF-4C9A-99D1-3CCA4F8F6679}.Release|iPhone.ActiveCfg = Release|iPhone
		{44798D42-54CF-4C9A-99D1-3CCA4F8F6679}.Release|iPhone.Build.0 = Release|iPhone
		{44798D42-54CF-4C9A-99D1-3CCA4F8F6679}.Release|iPhone.Deploy.0 = Release|iPhone
		{44798D42-54CF-4C9A-99D1-3CCA4F8F6679}.Release|iPhoneSimulator.ActiveCfg = Release|iPhoneSimulator
		{44798D42-54CF-4C9A-99D1-3CCA4F8F6679}.Release|iPhoneSimulator.Build.0 = Release|iPhoneSimulator
		{44798D42-54CF-4C9A-99D1-3CCA4F8F6679}.Release|iPhoneSimulator.Deploy.0 = Release|iPhoneSimulator
		{9F0A60D2-C3DC-4FBC-A44C-EBE6142BDA6B}.Debug|Any CPU.ActiveCfg = Debug|Any CPU
		{9F0A60D2-C3DC-4FBC-A44C-EBE6142BDA6B}.Debug|Any CPU.Build.0 = Debug|Any CPU
		{9F0A60D2-C3DC-4FBC-A44C-EBE6142BDA6B}.Debug|Any CPU.Deploy.0 = Debug|Any CPU
		{9F0A60D2-C3DC-4FBC-A44C-EBE6142BDA6B}.Debug|iPhone.ActiveCfg = Debug|Any CPU
		{9F0A60D2-C3DC-4FBC-A44C-EBE6142BDA6B}.Debug|iPhone.Build.0 = Debug|Any CPU
		{9F0A60D2-C3DC-4FBC-A44C-EBE6142BDA6B}.Debug|iPhone.Deploy.0 = Debug|Any CPU
		{9F0A60D2-C3DC-4FBC-A44C-EBE6142BDA6B}.Debug|iPhoneSimulator.ActiveCfg = Debug|Any CPU
		{9F0A60D2-C3DC-4FBC-A44C-EBE6142BDA6B}.Debug|iPhoneSimulator.Build.0 = Debug|Any CPU
		{9F0A60D2-C3DC-4FBC-A44C-EBE6142BDA6B}.Debug|iPhoneSimulator.Deploy.0 = Debug|Any CPU
		{9F0A60D2-C3DC-4FBC-A44C-EBE6142BDA6B}.Release|Any CPU.ActiveCfg = Release|Any CPU
		{9F0A60D2-C3DC-4FBC-A44C-EBE6142BDA6B}.Release|Any CPU.Build.0 = Release|Any CPU
		{9F0A60D2-C3DC-4FBC-A44C-EBE6142BDA6B}.Release|Any CPU.Deploy.0 = Release|Any CPU
		{9F0A60D2-C3DC-4FBC-A44C-EBE6142BDA6B}.Release|iPhone.ActiveCfg = Release|Any CPU
		{9F0A60D2-C3DC-4FBC-A44C-EBE6142BDA6B}.Release|iPhone.Build.0 = Release|Any CPU
		{9F0A60D2-C3DC-4FBC-A44C-EBE6142BDA6B}.Release|iPhone.Deploy.0 = Release|Any CPU
		{9F0A60D2-C3DC-4FBC-A44C-EBE6142BDA6B}.Release|iPhoneSimulator.ActiveCfg = Release|Any CPU
		{9F0A60D2-C3DC-4FBC-A44C-EBE6142BDA6B}.Release|iPhoneSimulator.Build.0 = Release|Any CPU
		{9F0A60D2-C3DC-4FBC-A44C-EBE6142BDA6B}.Release|iPhoneSimulator.Deploy.0 = Release|Any CPU
	EndGlobalSection
	GlobalSection(SolutionProperties) = preSolution
		HideSolutionNode = FALSE
	EndGlobalSection
	GlobalSection(ExtensibilityGlobals) = postSolution
		SolutionGuid = {7B6BAB75-53FA-4E3C-B806-2833DCE3AF51}
	EndGlobalSection
EndGlobal
